
Microsoft Visual Studio Solution File, Format Version 12.00
# Visual Studio 15
VisualStudioVersion = 15.0.27130.2003
MinimumVisualStudioVersion = 10.0.40219.1
Project("{FAE04EC0-301F-11D3-BF4B-00C04F79EFBC}") = "LaptopMart", "LaptopMart\LaptopMart.csproj", "{669B41C1-113D-4748-8AE1-B0B0FAF0CC21}"
EndProject
Project("{FAE04EC0-301F-11D3-BF4B-00C04F79EFBC}") = "LaptopMart.Tests", "LaptopMart.Tests\LaptopMart.Tests.csproj", "{3D960445-5F3D-4365-90EE-451D67F1EEED}"
EndProject
Global
	GlobalSection(SolutionConfigurationPlatforms) = preSolution
		Debug|Any CPU = Debug|Any CPU
		Release|Any CPU = Release|Any CPU
	EndGlobalSection
	GlobalSection(ProjectConfigurationPlatforms) = postSolution
		{669B41C1-113D-4748-8AE1-B0B0FAF0CC21}.Debug|Any CPU.ActiveCfg = Debug|Any CPU
		{669B41C1-113D-4748-8AE1-B0B0FAF0CC21}.Debug|Any CPU.Build.0 = Debug|Any CPU
		{669B41C1-113D-4748-8AE1-B0B0FAF0CC21}.Release|Any CPU.ActiveCfg = Release|Any CPU
		{669B41C1-113D-4748-8AE1-B0B0FAF0CC21}.Release|Any CPU.Build.0 = Release|Any CPU
		{3D960445-5F3D-4365-90EE-451D67F1EEED}.Debug|Any CPU.ActiveCfg = Debug|Any CPU
		{3D960445-5F3D-4365-90EE-451D67F1EEED}.Debug|Any CPU.Build.0 = Debug|Any CPU
		{3D960445-5F3D-4365-90EE-451D67F1EEED}.Release|Any CPU.ActiveCfg = Release|Any CPU
		{3D960445-5F3D-4365-90EE-451D67F1EEED}.Release|Any CPU.Build.0 = Release|Any CPU
	EndGlobalSection
	GlobalSection(SolutionProperties) = preSolution
		HideSolutionNode = FALSE
	EndGlobalSection
	GlobalSection(ExtensibilityGlobals) = postSolution
		SolutionGuid = {B7A1F27B-D4B3-445D-88DE-E5170C736614}
	EndGlobalSection
EndGlobal
